{
  "name": "weather-backend",
  "version": "1.0.0",
  "lockfileVersion": 2,
  "requires": true,
  "packages": {
    "": {
      "name": "weather-backend",
      "version": "1.0.0",
      "license": "ISC",
      "dependencies": {
        "@iconify/icons-bi": "^1.2.15"
      }
    },
    "node_modules/@iconify/icons-bi": {
      "version": "1.2.15",
      "resolved": "https://registry.npmjs.org/@iconify/icons-bi/-/icons-bi-1.2.15.tgz",
      "integrity": "sha512-bVQHBFwHgLySijCyFcJugHA2PiwuYCYzZJU53RbX/s4b45o0pncLa2huI2/S1WS+XU4J3hMZmMq/B4ewiMvKMg==",
      "dependencies": {
        "@iconify/types": "*"
      }
    },
    "node_modules/@iconify/types": {
      "version": "2.0.0",
      "resolved": "https://registry.npmjs.org/@iconify/types/-/types-2.0.0.tgz",
      "integrity": "sha512-+wluvCrRhXrhyOmRDJ3q8mux9JkKy5SJ/v8ol2tu4FVjyYvtEzkc/3pK15ET6RKg4b4w4BmTk1+gsCUhf21Ykg=="
    }
  },
  "dependencies": {
    "@iconify/icons-bi": {
      "version": "1.2.15",
      "resolved": "https://registry.npmjs.org/@iconify/icons-bi/-/icons-bi-1.2.15.tgz",
      "integrity": "sha512-bVQHBFwHgLySijCyFcJugHA2PiwuYCYzZJU53RbX/s4b45o0pncLa2huI2/S1WS+XU4J3hMZmMq/B4ewiMvKMg==",
      "requires": {
        "@iconify/types": "*"
      }
    },
    "@iconify/types": {
      "version": "2.0.0",
      "resolved": "https://registry.npmjs.org/@iconify/types/-/types-2.0.0.tgz",
      "integrity": "sha512-+wluvCrRhXrhyOmRDJ3q8mux9JkKy5SJ/v8ol2tu4FVjyYvtEzkc/3pK15ET6RKg4b4w4BmTk1+gsCUhf21Ykg=="
    }
  }
}
